// !$*UTF8*$!
{
	archiveVersion = 1;
	classes = {
	};
	objectVersion = 46;
	objects = {

/* Begin PBXBuildFile section */
		F38928661C5A4D9C0051D3B5 /* main.m in Sources */ = {isa = PBXBuildFile; fileRef = F38928651C5A4D9C0051D3B5 /* main.m */; };
		F38928691C5A4D9C0051D3B5 /* AppDelegate.m in Sources */ = {isa = PBXBuildFile; fileRef = F38928681C5A4D9C0051D3B5 /* AppDelegate.m */; };
		F389286C1C5A4D9C0051D3B5 /* ViewController.m in Sources */ = {isa = PBXBuildFile; fileRef = F389286B1C5A4D9C0051D3B5 /* ViewController.m */; };
		F389286F1C5A4D9C0051D3B5 /* Main.storyboard in Resources */ = {isa = PBXBuildFile; fileRef = F389286D1C5A4D9C0051D3B5 /* Main.storyboard */; };
		F38928711C5A4D9C0051D3B5 /* Assets.xcassets in Resources */ = {isa = PBXBuildFile; fileRef = F38928701C5A4D9C0051D3B5 /* Assets.xcassets */; };
		F38928741C5A4D9C0051D3B5 /* LaunchScreen.storyboard in Resources */ = {isa = PBXBuildFile; fileRef = F38928721C5A4D9C0051D3B5 /* LaunchScreen.storyboard */; };
		F389288B1C5A50D10051D3B5 /* QuartzCore.framework in Frameworks */ = {isa = PBXBuildFile; fileRef = F389288A1C5A50D10051D3B5 /* QuartzCore.framework */; };
		F389288D1C5A50D70051D3B5 /* ImageIO.framework in Frameworks */ = {isa = PBXBuildFile; fileRef = F389288C1C5A50D70051D3B5 /* ImageIO.framework */; };
		F389288F1C5A50E60051D3B5 /* SystemConfiguration.framework in Frameworks */ = {isa = PBXBuildFile; fileRef = F389288E1C5A50E60051D3B5 /* SystemConfiguration.framework */; };
		F38928911C5A50ED0051D3B5 /* Security.framework in Frameworks */ = {isa = PBXBuildFile; fileRef = F38928901C5A50ED0051D3B5 /* Security.framework */; };
		F38928931C5A50F40051D3B5 /* CoreTelephony.framework in Frameworks */ = {isa = PBXBuildFile; fileRef = F38928921C5A50F40051D3B5 /* CoreTelephony.framework */; };
		F38928951C5A50FF0051D3B5 /* CoreText.framework in Frameworks */ = {isa = PBXBuildFile; fileRef = F38928941C5A50FF0051D3B5 /* CoreText.framework */; };
		F38928971C5A510E0051D3B5 /* UIKit.framework in Frameworks */ = {isa = PBXBuildFile; fileRef = F38928961C5A510E0051D3B5 /* UIKit.framework */; };
		F38928991C5A51170051D3B5 /* Foundation.framework in Frameworks */ = {isa = PBXBuildFile; fileRef = F38928981C5A51170051D3B5 /* Foundation.framework */; };
		F389289B1C5A51240051D3B5 /* CoreGraphics.framework in Frameworks */ = {isa = PBXBuildFile; fileRef = F389289A1C5A51240051D3B5 /* CoreGraphics.framework */; };
		F389289D1C5A512C0051D3B5 /* libz.tbd in Frameworks */ = {isa = PBXBuildFile; fileRef = F389289C1C5A512C0051D3B5 /* libz.tbd */; };
		F389289F1C5A51360051D3B5 /* libsqlite3.tbd in Frameworks */ = {isa = PBXBuildFile; fileRef = F389289E1C5A51360051D3B5 /* libsqlite3.tbd */; };
		F3A54E051C60E8CC00C8C279 /* libc++.tbd in Frameworks */ = {isa = PBXBuildFile; fileRef = F3A54E041C60E8CC00C8C279 /* libc++.tbd */; };
		F3C1196F1C623B710002D893 /* libWeiboSDK.a in Frameworks */ = {isa = PBXBuildFile; fileRef = F3C1195A1C623B710002D893 /* libWeiboSDK.a */; };
		F3C119701C623B710002D893 /* WeiboSDK.bundle in Resources */ = {isa = PBXBuildFile; fileRef = F3C119631C623B710002D893 /* WeiboSDK.bundle */; };
		F3C119711C623B710002D893 /* TencentOpenAPI.framework in Frameworks */ = {isa = PBXBuildFile; fileRef = F3C119671C623B710002D893 /* TencentOpenAPI.framework */; };
		F3C119721C623B710002D893 /* TencentOpenApi_IOS_Bundle.bundle in Resources */ = {isa = PBXBuildFile; fileRef = F3C119681C623B710002D893 /* TencentOpenApi_IOS_Bundle.bundle */; };
		F3C119731C623B710002D893 /* libWeChatSDK.a in Frameworks */ = {isa = PBXBuildFile; fileRef = F3C1196A1C623B710002D893 /* libWeChatSDK.a */; };
		F3C119741C623B710002D893 /* read_me.txt in Resources */ = {isa = PBXBuildFile; fileRef = F3C1196B1C623B710002D893 /* read_me.txt */; };
/* End PBXBuildFile section */

/* Begin PBXFileReference section */
		F38928611C5A4D9C0051D3B5 /* ShareSDK.app */ = {isa = PBXFileReference; explicitFileType = wrapper.application; includeInIndex = 0; path = ShareSDK.app; sourceTree = BUILT_PRODUCTS_DIR; };
		F38928651C5A4D9C0051D3B5 /* main.m */ = {isa = PBXFileReference; lastKnownFileType = sourcecode.c.objc; path = main.m; sourceTree = "<group>"; };
		F38928671C5A4D9C0051D3B5 /* AppDelegate.h */ = {isa = PBXFileReference; lastKnownFileType = sourcecode.c.h; path = AppDelegate.h; sourceTree = "<group>"; };
		F38928681C5A4D9C0051D3B5 /* AppDelegate.m */ = {isa = PBXFileReference; lastKnownFileType = sourcecode.c.objc; path = AppDelegate.m; sourceTree = "<group>"; };
		F389286A1C5A4D9C0051D3B5 /* ViewController.h */ = {isa = PBXFileReference; lastKnownFileType = sourcecode.c.h; path = ViewController.h; sourceTree = "<group>"; };
		F389286B1C5A4D9C0051D3B5 /* ViewController.m */ = {isa = PBXFileReference; lastKnownFileType = sourcecode.c.objc; path = ViewController.m; sourceTree = "<group>"; };
		F389286E1C5A4D9C0051D3B5 /* Base */ = {isa = PBXFileReference; lastKnownFileType = file.storyboard; name = Base; path = Base.lproj/Main.storyboard; sourceTree = "<group>"; };
		F38928701C5A4D9C0051D3B5 /* Assets.xcassets */ = {isa = PBXFileReference; lastKnownFileType = folder.assetcatalog; path = Assets.xcassets; sourceTree = "<group>"; };
		F38928731C5A4D9C0051D3B5 /* Base */ = {isa = PBXFileReference; lastKnownFileType = file.storyboard; name = Base; path = Base.lproj/LaunchScreen.storyboard; sourceTree = "<group>"; };
		F38928751C5A4D9C0051D3B5 /* Info.plist */ = {isa = PBXFileReference; lastKnownFileType = text.plist.xml; path = Info.plist; sourceTree = "<group>"; };
		F389288A1C5A50D10051D3B5 /* QuartzCore.framework */ = {isa = PBXFileReference; lastKnownFileType = wrapper.framework; name = QuartzCore.framework; path = System/Library/Frameworks/QuartzCore.framework; sourceTree = SDKROOT; };
		F389288C1C5A50D70051D3B5 /* ImageIO.framework */ = {isa = PBXFileReference; lastKnownFileType = wrapper.framework; name = ImageIO.framework; path = System/Library/Frameworks/ImageIO.framework; sourceTree = SDKROOT; };
		F389288E1C5A50E60051D3B5 /* SystemConfiguration.framework */ = {isa = PBXFileReference; lastKnownFileType = wrapper.framework; name = SystemConfiguration.framework; path = System/Library/Frameworks/SystemConfiguration.framework; sourceTree = SDKROOT; };
		F38928901C5A50ED0051D3B5 /* Security.framework */ = {isa = PBXFileReference; lastKnownFileType = wrapper.framework; name = Security.framework; path = System/Library/Frameworks/Security.framework; sourceTree = SDKROOT; };
		F38928921C5A50F40051D3B5 /* CoreTelephony.framework */ = {isa = PBXFileReference; lastKnownFileType = wrapper.framework; name = CoreTelephony.framework; path = System/Library/Frameworks/CoreTelephony.framework; sourceTree = SDKROOT; };
		F38928941C5A50FF0051D3B5 /* CoreText.framework */ = {isa = PBXFileReference; lastKnownFileType = wrapper.framework; name = CoreText.framework; path = System/Library/Frameworks/CoreText.framework; sourceTree = SDKROOT; };
		F38928961C5A510E0051D3B5 /* UIKit.framework */ = {isa = PBXFileReference; lastKnownFileType = wrapper.framework; name = UIKit.framework; path = System/Library/Frameworks/UIKit.framework; sourceTree = SDKROOT; };
		F38928981C5A51170051D3B5 /* Foundation.framework */ = {isa = PBXFileReference; lastKnownFileType = wrapper.framework; name = Foundation.framework; path = System/Library/Frameworks/Foundation.framework; sourceTree = SDKROOT; };
		F389289A1C5A51240051D3B5 /* CoreGraphics.framework */ = {isa = PBXFileReference; lastKnownFileType = wrapper.framework; name = CoreGraphics.framework; path = System/Library/Frameworks/CoreGraphics.framework; sourceTree = SDKROOT; };
		F389289C1C5A512C0051D3B5 /* libz.tbd */ = {isa = PBXFileReference; lastKnownFileType = "sourcecode.text-based-dylib-definition"; name = libz.tbd; path = usr/lib/libz.tbd; sourceTree = SDKROOT; };
		F389289E1C5A51360051D3B5 /* libsqlite3.tbd */ = {isa = PBXFileReference; lastKnownFileType = "sourcecode.text-based-dylib-definition"; name = libsqlite3.tbd; path = usr/lib/libsqlite3.tbd; sourceTree = SDKROOT; };
		F38928A01C5A51850051D3B5 /* Constant.h */ = {isa = PBXFileReference; lastKnownFileType = sourcecode.c.h; path = Constant.h; sourceTree = "<group>"; };
		F3A54E041C60E8CC00C8C279 /* libc++.tbd */ = {isa = PBXFileReference; lastKnownFileType = "sourcecode.text-based-dylib-definition"; name = "libc++.tbd"; path = "usr/lib/libc++.tbd"; sourceTree = SDKROOT; };
		F3C1195A1C623B710002D893 /* libWeiboSDK.a */ = {isa = PBXFileReference; lastKnownFileType = archive.ar; path = libWeiboSDK.a; sourceTree = "<group>"; };
		F3C1195B1C623B710002D893 /* WBHttpRequest+WeiboGame.h */ = {isa = PBXFileReference; fileEncoding = 4; lastKnownFileType = sourcecode.c.h; path = "WBHttpRequest+WeiboGame.h"; sourceTree = "<group>"; };
		F3C1195C1C623B710002D893 /* WBHttpRequest+WeiboShare.h */ = {isa = PBXFileReference; fileEncoding = 4; lastKnownFileType = sourcecode.c.h; path = "WBHttpRequest+WeiboShare.h"; sourceTree = "<group>"; };
		F3C1195D1C623B710002D893 /* WBHttpRequest+WeiboToken.h */ = {isa = PBXFileReference; fileEncoding = 4; lastKnownFileType = sourcecode.c.h; path = "WBHttpRequest+WeiboToken.h"; sourceTree = "<group>"; };
		F3C1195E1C623B710002D893 /* WBHttpRequest+WeiboUser.h */ = {isa = PBXFileReference; fileEncoding = 4; lastKnownFileType = sourcecode.c.h; path = "WBHttpRequest+WeiboUser.h"; sourceTree = "<group>"; };
		F3C1195F1C623B710002D893 /* WBHttpRequest.h */ = {isa = PBXFileReference; fileEncoding = 4; lastKnownFileType = sourcecode.c.h; path = WBHttpRequest.h; sourceTree = "<group>"; };
		F3C119601C623B710002D893 /* WBSDKBasicButton.h */ = {isa = PBXFileReference; fileEncoding = 4; lastKnownFileType = sourcecode.c.h; path = WBSDKBasicButton.h; sourceTree = "<group>"; };
		F3C119611C623B710002D893 /* WBSDKCommentButton.h */ = {isa = PBXFileReference; fileEncoding = 4; lastKnownFileType = sourcecode.c.h; path = WBSDKCommentButton.h; sourceTree = "<group>"; };
		F3C119621C623B710002D893 /* WBSDKRelationshipButton.h */ = {isa = PBXFileReference; fileEncoding = 4; lastKnownFileType = sourcecode.c.h; path = WBSDKRelationshipButton.h; sourceTree = "<group>"; };
		F3C119631C623B710002D893 /* WeiboSDK.bundle */ = {isa = PBXFileReference; lastKnownFileType = "wrapper.plug-in"; path = WeiboSDK.bundle; sourceTree = "<group>"; };
		F3C119641C623B710002D893 /* WeiboSDK.h */ = {isa = PBXFileReference; fileEncoding = 4; lastKnownFileType = sourcecode.c.h; path = WeiboSDK.h; sourceTree = "<group>"; };
		F3C119651C623B710002D893 /* WeiboUser.h */ = {isa = PBXFileReference; fileEncoding = 4; lastKnownFileType = sourcecode.c.h; path = WeiboUser.h; sourceTree = "<group>"; };
		F3C119671C623B710002D893 /* TencentOpenAPI.framework */ = {isa = PBXFileReference; lastKnownFileType = wrapper.framework; path = TencentOpenAPI.framework; sourceTree = "<group>"; };
		F3C119681C623B710002D893 /* TencentOpenApi_IOS_Bundle.bundle */ = {isa = PBXFileReference; lastKnownFileType = "wrapper.plug-in"; path = TencentOpenApi_IOS_Bundle.bundle; sourceTree = "<group>"; };
		F3C1196A1C623B710002D893 /* libWeChatSDK.a */ = {isa = PBXFileReference; lastKnownFileType = archive.ar; path = libWeChatSDK.a; sourceTree = "<group>"; };
		F3C1196B1C623B710002D893 /* read_me.txt */ = {isa = PBXFileReference; fileEncoding = 4; lastKnownFileType = text; path = read_me.txt; sourceTree = "<group>"; };
		F3C1196C1C623B710002D893 /* WechatAuthSDK.h */ = {isa = PBXFileReference; fileEncoding = 4; lastKnownFileType = sourcecode.c.h; path = WechatAuthSDK.h; sourceTree = "<group>"; };
		F3C1196D1C623B710002D893 /* WXApi.h */ = {isa = PBXFileReference; fileEncoding = 4; lastKnownFileType = sourcecode.c.h; path = WXApi.h; sourceTree = "<group>"; };
		F3C1196E1C623B710002D893 /* WXApiObject.h */ = {isa = PBXFileReference; fileEncoding = 4; lastKnownFileType = sourcecode.c.h; path = WXApiObject.h; sourceTree = "<group>"; };
/* End PBXFileReference section */

/* Begin PBXFrameworksBuildPhase section */
		F389285E1C5A4D9C0051D3B5 /* Frameworks */ = {
			isa = PBXFrameworksBuildPhase;
			buildActionMask = 2147483647;
			files = (
				F3A54E051C60E8CC00C8C279 /* libc++.tbd in Frameworks */,
				F389289F1C5A51360051D3B5 /* libsqlite3.tbd in Frameworks */,
				F389289D1C5A512C0051D3B5 /* libz.tbd in Frameworks */,
				F389289B1C5A51240051D3B5 /* CoreGraphics.framework in Frameworks */,
				F38928991C5A51170051D3B5 /* Foundation.framework in Frameworks */,
				F3C119711C623B710002D893 /* TencentOpenAPI.framework in Frameworks */,
				F38928971C5A510E0051D3B5 /* UIKit.framework in Frameworks */,
				F38928951C5A50FF0051D3B5 /* CoreText.framework in Frameworks */,
				F38928931C5A50F40051D3B5 /* CoreTelephony.framework in Frameworks */,
				F3C1196F1C623B710002D893 /* libWeiboSDK.a in Frameworks */,
				F38928911C5A50ED0051D3B5 /* Security.framework in Frameworks */,
				F389288F1C5A50E60051D3B5 /* SystemConfiguration.framework in Frameworks */,
				F389288D1C5A50D70051D3B5 /* ImageIO.framework in Frameworks */,
				F389288B1C5A50D10051D3B5 /* QuartzCore.framework in Frameworks */,
				F3C119731C623B710002D893 /* libWeChatSDK.a in Frameworks */,
			);
			runOnlyForDeploymentPostprocessing = 0;
		};
/* End PBXFrameworksBuildPhase section */

/* Begin PBXGroup section */
		F38928581C5A4D9C0051D3B5 = {
			isa = PBXGroup;
			children = (
				F3A54E041C60E8CC00C8C279 /* libc++.tbd */,
				F389289E1C5A51360051D3B5 /* libsqlite3.tbd */,
				F389289C1C5A512C0051D3B5 /* libz.tbd */,
				F389289A1C5A51240051D3B5 /* CoreGraphics.framework */,
				F38928981C5A51170051D3B5 /* Foundation.framework */,
				F38928961C5A510E0051D3B5 /* UIKit.framework */,
				F38928941C5A50FF0051D3B5 /* CoreText.framework */,
				F38928921C5A50F40051D3B5 /* CoreTelephony.framework */,
				F38928901C5A50ED0051D3B5 /* Security.framework */,
				F389288E1C5A50E60051D3B5 /* SystemConfiguration.framework */,
				F389288C1C5A50D70051D3B5 /* ImageIO.framework */,
				F389288A1C5A50D10051D3B5 /* QuartzCore.framework */,
				F38928631C5A4D9C0051D3B5 /* ShareSDK */,
				F38928621C5A4D9C0051D3B5 /* Products */,
			);
			sourceTree = "<group>";
		};
		F38928621C5A4D9C0051D3B5 /* Products */ = {
			isa = PBXGroup;
			children = (
				F38928611C5A4D9C0051D3B5 /* ShareSDK.app */,
			);
			name = Products;
			sourceTree = "<group>";
		};
		F38928631C5A4D9C0051D3B5 /* ShareSDK */ = {
			isa = PBXGroup;
			children = (
				F3C119591C623B710002D893 /* libWeiboSDK */,
				F3C119661C623B710002D893 /* QQSDK */,
				F3C119691C623B710002D893 /* weixinSDK */,
				F38928671C5A4D9C0051D3B5 /* AppDelegate.h */,
				F38928681C5A4D9C0051D3B5 /* AppDelegate.m */,
				F389286A1C5A4D9C0051D3B5 /* ViewController.h */,
				F389286B1C5A4D9C0051D3B5 /* ViewController.m */,
				F389286D1C5A4D9C0051D3B5 /* Main.storyboard */,
				F38928701C5A4D9C0051D3B5 /* Assets.xcassets */,
				F38928721C5A4D9C0051D3B5 /* LaunchScreen.storyboard */,
				F38928751C5A4D9C0051D3B5 /* Info.plist */,
				F38928641C5A4D9C0051D3B5 /* Supporting Files */,
				F38928A01C5A51850051D3B5 /* Constant.h */,
			);
			path = ShareSDK;
			sourceTree = "<group>";
		};
		F38928641C5A4D9C0051D3B5 /* Supporting Files */ = {
			isa = PBXGroup;
			children = (
				F38928651C5A4D9C0051D3B5 /* main.m */,
			);
			name = "Supporting Files";
			sourceTree = "<group>";
		};
		F3C119591C623B710002D893 /* libWeiboSDK */ = {
			isa = PBXGroup;
			children = (
				F3C1195A1C623B710002D893 /* libWeiboSDK.a */,
				F3C1195B1C623B710002D893 /* WBHttpRequest+WeiboGame.h */,
				F3C1195C1C623B710002D893 /* WBHttpRequest+WeiboShare.h */,
				F3C1195D1C623B710002D893 /* WBHttpRequest+WeiboToken.h */,
				F3C1195E1C623B710002D893 /* WBHttpRequest+WeiboUser.h */,
				F3C1195F1C623B710002D893 /* WBHttpRequest.h */,
				F3C119601C623B710002D893 /* WBSDKBasicButton.h */,
				F3C119611C623B710002D893 /* WBSDKCommentButton.h */,
				F3C119621C623B710002D893 /* WBSDKRelationshipButton.h */,
				F3C119631C623B710002D893 /* WeiboSDK.bundle */,
				F3C119641C623B710002D893 /* WeiboSDK.h */,
				F3C119651C623B710002D893 /* WeiboUser.h */,
			);
			path = libWeiboSDK;
			sourceTree = "<group>";
		};
		F3C119661C623B710002D893 /* QQSDK */ = {
			isa = PBXGroup;
			children = (
				F3C119671C623B710002D893 /* TencentOpenAPI.framework */,
				F3C119681C623B710002D893 /* TencentOpenApi_IOS_Bundle.bundle */,
			);
			path = QQSDK;
			sourceTree = "<group>";
		};
		F3C119691C623B710002D893 /* weixinSDK */ = {
			isa = PBXGroup;
			children = (
				F3C1196A1C623B710002D893 /* libWeChatSDK.a */,
				F3C1196B1C623B710002D893 /* read_me.txt */,
				F3C1196C1C623B710002D893 /* WechatAuthSDK.h */,
				F3C1196D1C623B710002D893 /* WXApi.h */,
				F3C1196E1C623B710002D893 /* WXApiObject.h */,
			);
			path = weixinSDK;
			sourceTree = "<group>";
		};
/* End PBXGroup section */

/* Begin PBXNativeTarget section */
		F38928601C5A4D9C0051D3B5 /* ShareSDK */ = {
			isa = PBXNativeTarget;
			buildConfigurationList = F38928781C5A4D9C0051D3B5 /* Build configuration list for PBXNativeTarget "ShareSDK" */;
			buildPhases = (
				F389285D1C5A4D9C0051D3B5 /* Sources */,
				F389285E1C5A4D9C0051D3B5 /* Frameworks */,
				F389285F1C5A4D9C0051D3B5 /* Resources */,
			);
			buildRules = (
			);
			dependencies = (
			);
			name = ShareSDK;
			productName = ShareSDK;
			productReference = F38928611C5A4D9C0051D3B5 /* ShareSDK.app */;
			productType = "com.apple.product-type.application";
		};
/* End PBXNativeTarget section */

/* Begin PBXProject section */
		F38928591C5A4D9C0051D3B5 /* Project object */ = {
			isa = PBXProject;
			attributes = {
				LastUpgradeCheck = 0720;
				ORGANIZATIONNAME = Gideon;
				TargetAttributes = {
					F38928601C5A4D9C0051D3B5 = {
						CreatedOnToolsVersion = 7.2;
					};
				};
			};
			buildConfigurationList = F389285C1C5A4D9C0051D3B5 /* Build configuration list for PBXProject "ShareSDK" */;
			compatibilityVersion = "Xcode 3.2";
			developmentRegion = English;
			hasScannedForEncodings = 0;
			knownRegions = (
				en,
				Base,
			);
			mainGroup = F38928581C5A4D9C0051D3B5;
			productRefGroup = F38928621C5A4D9C0051D3B5 /* Products */;
			projectDirPath = "";
			projectRoot = "";
			targets = (
				F38928601C5A4D9C0051D3B5 /* ShareSDK */,
			);
		};
/* End PBXProject section */

/* Begin PBXResourcesBuildPhase section */
		F389285F1C5A4D9C0051D3B5 /* Resources */ = {
			isa = PBXResourcesBuildPhase;
			buildActionMask = 2147483647;
			files = (
				F38928741C5A4D9C0051D3B5 /* LaunchScreen.storyboard in Resources */,
				F38928711C5A4D9C0051D3B5 /* Assets.xcassets in Resources */,
				F389286F1C5A4D9C0051D3B5 /* Main.storyboard in Resources */,
				F3C119721C623B710002D893 /* TencentOpenApi_IOS_Bundle.bundle in Resources */,
				F3C119741C623B710002D893 /* read_me.txt in Resources */,
				F3C119701C623B710002D893 /* WeiboSDK.bundle in Resources */,
			);
			runOnlyForDeploymentPostprocessing = 0;
		};
/* End PBXResourcesBuildPhase section */

/* Begin PBXSourcesBuildPhase section */
		F389285D1C5A4D9C0051D3B5 /* Sources */ = {
			isa = PBXSourcesBuildPhase;
			buildActionMask = 2147483647;
			files = (
				F389286C1C5A4D9C0051D3B5 /* ViewController.m in Sources */,
				F38928691C5A4D9C0051D3B5 /* AppDelegate.m in Sources */,
				F38928661C5A4D9C0051D3B5 /* main.m in Sources */,
			);
			runOnlyForDeploymentPostprocessing = 0;
		};
/* End PBXSourcesBuildPhase section */

/* Begin PBXVariantGroup section */
		F389286D1C5A4D9C0051D3B5 /* Main.storyboard */ = {
			isa = PBXVariantGroup;
			children = (
				F389286E1C5A4D9C0051D3B5 /* Base */,
			);
			name = Main.storyboard;
			sourceTree = "<group>";
		};
		F38928721C5A4D9C0051D3B5 /* LaunchScreen.storyboard */ = {
			isa = PBXVariantGroup;
			children = (
				F38928731C5A4D9C0051D3B5 /* Base */,
			);
			name = LaunchScreen.storyboard;
			sourceTree = "<group>";
		};
/* End PBXVariantGroup section */

/* Begin XCBuildConfiguration section */
		F38928761C5A4D9C0051D3B5 /* Debug */ = {
			isa = XCBuildConfiguration;
			buildSettings = {
				ALWAYS_SEARCH_USER_PATHS = NO;
				CLANG_CXX_LANGUAGE_STANDARD = "gnu++0x";
				CLANG_CXX_LIBRARY = "libc++";
				CLANG_ENABLE_MODULES = YES;
				CLANG_ENABLE_OBJC_ARC = YES;
				CLANG_WARN_BOOL_CONVERSION = YES;
				CLANG_WARN_CONSTANT_CONVERSION = YES;
				CLANG_WARN_DIRECT_OBJC_ISA_USAGE = YES_ERROR;
				CLANG_WARN_EMPTY_BODY = YES;
				CLANG_WARN_ENUM_CONVERSION = YES;
				CLANG_WARN_INT_CONVERSION = YES;
				CLANG_WARN_OBJC_ROOT_CLASS = YES_ERROR;
				CLANG_WARN_UNREACHABLE_CODE = YES;
				CLANG_WARN__DUPLICATE_METHOD_MATCH = YES;
				"CODE_SIGN_IDENTITY[sdk=iphoneos*]" = "iPhone Developer";
				COPY_PHASE_STRIP = NO;
				DEBUG_INFORMATION_FORMAT = dwarf;
				ENABLE_STRICT_OBJC_MSGSEND = YES;
				ENABLE_TESTABILITY = YES;
				GCC_C_LANGUAGE_STANDARD = gnu99;
				GCC_DYNAMIC_NO_PIC = NO;
				GCC_NO_COMMON_BLOCKS = YES;
				GCC_OPTIMIZATION_LEVEL = 0;
				GCC_PREPROCESSOR_DEFINITIONS = (
					"DEBUG=1",
					"$(inherited)",
				);
				GCC_WARN_64_TO_32_BIT_CONVERSION = YES;
				GCC_WARN_ABOUT_RETURN_TYPE = YES_ERROR;
				GCC_WARN_UNDECLARED_SELECTOR = YES;
				GCC_WARN_UNINITIALIZED_AUTOS = YES_AGGRESSIVE;
				GCC_WARN_UNUSED_FUNCTION = YES;
				GCC_WARN_UNUSED_VARIABLE = YES;
				IPHONEOS_DEPLOYMENT_TARGET = 9.2;
				MTL_ENABLE_DEBUG_INFO = YES;
				ONLY_ACTIVE_ARCH = YES;
				SDKROOT = iphoneos;
			};
			name = Debug;
		};
		F38928771C5A4D9C0051D3B5 /* Release */ = {
			isa = XCBuildConfiguration;
			buildSettings = {
				ALWAYS_SEARCH_USER_PATHS = NO;
				CLANG_CXX_LANGUAGE_STANDARD = "gnu++0x";
				CLANG_CXX_LIBRARY = "libc++";
				CLANG_ENABLE_MODULES = YES;
				CLANG_ENABLE_OBJC_ARC = YES;
				CLANG_WARN_BOOL_CONVERSION = YES;
				CLANG_WARN_CONSTANT_CONVERSION = YES;
				CLANG_WARN_DIRECT_OBJC_ISA_USAGE = YES_ERROR;
				CLANG_WARN_EMPTY_BODY = YES;
				CLANG_WARN_ENUM_CONVERSION = YES;
				CLANG_WARN_INT_CONVERSION = YES;
				CLANG_WARN_OBJC_ROOT_CLASS = YES_ERROR;
				CLANG_WARN_UNREACHABLE_CODE = YES;
				CLANG_WARN__DUPLICATE_METHOD_MATCH = YES;
				"CODE_SIGN_IDENTITY[sdk=iphoneos*]" = "iPhone Developer";
				COPY_PHASE_STRIP = NO;
				DEBUG_INFORMATION_FORMAT = "dwarf-with-dsym";
				ENABLE_NS_ASSERTIONS = NO;
				ENABLE_STRICT_OBJC_MSGSEND = YES;
				GCC_C_LANGUAGE_STANDARD = gnu99;
				GCC_NO_COMMON_BLOCKS = YES;
				GCC_WARN_64_TO_32_BIT_CONVERSION = YES;
				GCC_WARN_ABOUT_RETURN_TYPE = YES_ERROR;
				GCC_WARN_UNDECLARED_SELECTOR = YES;
				GCC_WARN_UNINITIALIZED_AUTOS = YES_AGGRESSIVE;
				GCC_WARN_UNUSED_FUNCTION = YES;
				GCC_WARN_UNUSED_VARIABLE = YES;
				IPHONEOS_DEPLOYMENT_TARGET = 9.2;
				MTL_ENABLE_DEBUG_INFO = NO;
				SDKROOT = iphoneos;
				VALIDATE_PRODUCT = YES;
			};
			name = Release;
		};
		F38928791C5A4D9C0051D3B5 /* Debug */ = {
			isa = XCBuildConfiguration;
			buildSettings = {
				ASSETCATALOG_COMPILER_APPICON_NAME = AppIcon;
				FRAMEWORK_SEARCH_PATHS = "$(PROJECT_DIR)/ShareSDK/QQSDK";
				INFOPLIST_FILE = ShareSDK/Info.plist;
				LD_RUNPATH_SEARCH_PATHS = "$(inherited) @executable_path/Frameworks";
				LIBRARY_SEARCH_PATHS = (
					"$(PROJECT_DIR)/ShareSDK/libWeiboSDK",
					"$(PROJECT_DIR)/ShareSDK/weixinSDK",
				);
				OTHER_LDFLAGS = "-ObjC";
				PRODUCT_BUNDLE_IDENTIFIER = com.gideon.sharesdk;
				PRODUCT_NAME = "$(TARGET_NAME)";
			};
			name = Debug;
		};
		F389287A1C5A4D9C0051D3B5 /* Release */ = {
			isa = XCBuildConfiguration;
			buildSettings = {
				ASSETCATALOG_COMPILER_APPICON_NAME = AppIcon;
				FRAMEWORK_SEARCH_PATHS = "$(PROJECT_DIR)/ShareSDK/QQSDK";
				INFOPLIST_FILE = ShareSDK/Info.plist;
				LD_RUNPATH_SEARCH_PATHS = "$(inherited) @executable_path/Frameworks";
				LIBRARY_SEARCH_PATHS = (
					"$(PROJECT_DIR)/ShareSDK/libWeiboSDK",
					"$(PROJECT_DIR)/ShareSDK/weixinSDK",
				);
				OTHER_LDFLAGS = "-ObjC";
				PRODUCT_BUNDLE_IDENTIFIER = com.gideon.sharesdk;
				PRODUCT_NAME = "$(TARGET_NAME)";
			};
			name = Release;
		};
/* End XCBuildConfiguration section */

/* Begin XCConfigurationList section */
		F389285C1C5A4D9C0051D3B5 /* Build configuration list for PBXProject "ShareSDK" */ = {
			isa = XCConfigurationList;
			buildConfigurations = (
				F38928761C5A4D9C0051D3B5 /* Debug */,
				F38928771C5A4D9C0051D3B5 /* Release */,
			);
			defaultConfigurationIsVisible = 0;
			defaultConfigurationName = Release;
		};
		F38928781C5A4D9C0051D3B5 /* Build configuration list for PBXNativeTarget "ShareSDK" */ = {
			isa = XCConfigurationList;
			buildConfigurations = (
				F38928791C5A4D9C0051D3B5 /* Debug */,
				F389287A1C5A4D9C0051D3B5 /* Release */,
			);
			defaultConfigurationIsVisible = 0;
			defaultConfigurationName = Release;
		};
/* End XCConfigurationList section */
	};
	rootObject = F38928591C5A4D9C0051D3B5 /* Project object */;
}
